// !$*UTF8*$!
{
	archiveVersion = 1;
	classes = {
	};
	objectVersion = 46;
	objects = {

/* Begin PBXBuildFile section */
		1B4616A91AD8543A009157EC /* DetailViewController.m in Sources */ = {isa = PBXBuildFile; fileRef = 1B4616A81AD8543A009157EC /* DetailViewController.m */; };
		1B4616AB1AD87E56009157EC /* itemTopRated.jpg in Resources */ = {isa = PBXBuildFile; fileRef = 1B4616AA1AD87E56009157EC /* itemTopRated.jpg */; };
		1B4616B31AD8C466009157EC /* yes.png in Resources */ = {isa = PBXBuildFile; fileRef = 1B4616B11AD8C466009157EC /* yes.png */; };
		1B4616B41AD8C466009157EC /* no.png in Resources */ = {isa = PBXBuildFile; fileRef = 1B4616B21AD8C466009157EC /* no.png */; };
		1B4616BE1AD8ED02009157EC /* FBSDKCoreKit.framework in Frameworks */ = {isa = PBXBuildFile; fileRef = 1B4616BB1AD8ED02009157EC /* FBSDKCoreKit.framework */; };
		1B4616BF1AD8ED02009157EC /* FBSDKLoginKit.framework in Frameworks */ = {isa = PBXBuildFile; fileRef = 1B4616BC1AD8ED02009157EC /* FBSDKLoginKit.framework */; };
		1B4616C01AD8ED02009157EC /* FBSDKShareKit.framework in Frameworks */ = {isa = PBXBuildFile; fileRef = 1B4616BD1AD8ED02009157EC /* FBSDKShareKit.framework */; };
		1B84A5DA1AD79B8200847DC8 /* ResultTableController.m in Sources */ = {isa = PBXBuildFile; fileRef = 1B84A5D91AD79B8200847DC8 /* ResultTableController.m */; };
		1B9ABCD01AD767030001EE7F /* main.m in Sources */ = {isa = PBXBuildFile; fileRef = 1B9ABCCF1AD767030001EE7F /* main.m */; };
		1B9ABCD31AD767030001EE7F /* AppDelegate.m in Sources */ = {isa = PBXBuildFile; fileRef = 1B9ABCD21AD767030001EE7F /* AppDelegate.m */; };
		1B9ABCD61AD767030001EE7F /* ViewController.m in Sources */ = {isa = PBXBuildFile; fileRef = 1B9ABCD51AD767030001EE7F /* ViewController.m */; };
		1B9ABCD91AD767030001EE7F /* Main.storyboard in Resources */ = {isa = PBXBuildFile; fileRef = 1B9ABCD71AD767030001EE7F /* Main.storyboard */; };
		1B9ABCDB1AD767030001EE7F /* Images.xcassets in Resources */ = {isa = PBXBuildFile; fileRef = 1B9ABCDA1AD767030001EE7F /* Images.xcassets */; };
		1B9ABCEA1AD767030001EE7F /* eBaySearchTests.m in Sources */ = {isa = PBXBuildFile; fileRef = 1B9ABCE91AD767030001EE7F /* eBaySearchTests.m */; };
/* End PBXBuildFile section */

/* Begin PBXContainerItemProxy section */
		1B9ABCE41AD767030001EE7F /* PBXContainerItemProxy */ = {
			isa = PBXContainerItemProxy;
			containerPortal = 1B9ABCC21AD767030001EE7F /* Project object */;
			proxyType = 1;
			remoteGlobalIDString = 1B9ABCC91AD767030001EE7F;
			remoteInfo = eBaySearch;
		};
/* End PBXContainerItemProxy section */

/* Begin PBXFileReference section */
		1B4616A71AD8543A009157EC /* DetailViewController.h */ = {isa = PBXFileReference; fileEncoding = 4; lastKnownFileType = sourcecode.c.h; path = DetailViewController.h; sourceTree = "<group>"; };
		1B4616A81AD8543A009157EC /* DetailViewController.m */ = {isa = PBXFileReference; fileEncoding = 4; lastKnownFileType = sourcecode.c.objc; path = DetailViewController.m; sourceTree = "<group>"; };
		1B4616AA1AD87E56009157EC /* itemTopRated.jpg */ = {isa = PBXFileReference; lastKnownFileType = image.jpeg; path = itemTopRated.jpg; sourceTree = "<group>"; };
		1B4616B11AD8C466009157EC /* yes.png */ = {isa = PBXFileReference; lastKnownFileType = image.png; path = yes.png; sourceTree = "<group>"; };
		1B4616B21AD8C466009157EC /* no.png */ = {isa = PBXFileReference; lastKnownFileType = image.png; path = no.png; sourceTree = "<group>"; };
		1B4616BB1AD8ED02009157EC /* FBSDKCoreKit.framework */ = {isa = PBXFileReference; lastKnownFileType = wrapper.framework; name = FBSDKCoreKit.framework; path = ../FacebookSDK/FBSDKCoreKit.framework; sourceTree = "<group>"; };
		1B4616BC1AD8ED02009157EC /* FBSDKLoginKit.framework */ = {isa = PBXFileReference; lastKnownFileType = wrapper.framework; name = FBSDKLoginKit.framework; path = ../FacebookSDK/FBSDKLoginKit.framework; sourceTree = "<group>"; };
		1B4616BD1AD8ED02009157EC /* FBSDKShareKit.framework */ = {isa = PBXFileReference; lastKnownFileType = wrapper.framework; name = FBSDKShareKit.framework; path = ../FacebookSDK/FBSDKShareKit.framework; sourceTree = "<group>"; };
		1B84A5D81AD79B8200847DC8 /* ResultTableController.h */ = {isa = PBXFileReference; fileEncoding = 4; lastKnownFileType = sourcecode.c.h; path = ResultTableController.h; sourceTree = "<group>"; };
		1B84A5D91AD79B8200847DC8 /* ResultTableController.m */ = {isa = PBXFileReference; fileEncoding = 4; lastKnownFileType = sourcecode.c.objc; path = ResultTableController.m; sourceTree = "<group>"; };
		1B9ABCCA1AD767030001EE7F /* eBaySearch.app */ = {isa = PBXFileReference; explicitFileType = wrapper.application; includeInIndex = 0; path = eBaySearch.app; sourceTree = BUILT_PRODUCTS_DIR; };
		1B9ABCCE1AD767030001EE7F /* Info.plist */ = {isa = PBXFileReference; lastKnownFileType = text.plist.xml; path = Info.plist; sourceTree = "<group>"; };
		1B9ABCCF1AD767030001EE7F /* main.m */ = {isa = PBXFileReference; lastKnownFileType = sourcecode.c.objc; path = main.m; sourceTree = "<group>"; };
		1B9ABCD11AD767030001EE7F /* AppDelegate.h */ = {isa = PBXFileReference; lastKnownFileType = sourcecode.c.h; path = AppDelegate.h; sourceTree = "<group>"; };
		1B9ABCD21AD767030001EE7F /* AppDelegate.m */ = {isa = PBXFileReference; lastKnownFileType = sourcecode.c.objc; path = AppDelegate.m; sourceTree = "<group>"; };
		1B9ABCD41AD767030001EE7F /* ViewController.h */ = {isa = PBXFileReference; lastKnownFileType = sourcecode.c.h; path = ViewController.h; sourceTree = "<group>"; };
		1B9ABCD51AD767030001EE7F /* ViewController.m */ = {isa = PBXFileReference; lastKnownFileType = sourcecode.c.objc; path = ViewController.m; sourceTree = "<group>"; };
		1B9ABCD81AD767030001EE7F /* Base */ = {isa = PBXFileReference; lastKnownFileType = file.storyboard; name = Base; path = Base.lproj/Main.storyboard; sourceTree = "<group>"; };
		1B9ABCDA1AD767030001EE7F /* Images.xcassets */ = {isa = PBXFileReference; lastKnownFileType = folder.assetcatalog; path = Images.xcassets; sourceTree = "<group>"; };
		1B9ABCE31AD767030001EE7F /* eBaySearchTests.xctest */ = {isa = PBXFileReference; explicitFileType = wrapper.cfbundle; includeInIndex = 0; path = eBaySearchTests.xctest; sourceTree = BUILT_PRODUCTS_DIR; };
		1B9ABCE81AD767030001EE7F /* Info.plist */ = {isa = PBXFileReference; lastKnownFileType = text.plist.xml; path = Info.plist; sourceTree = "<group>"; };
		1B9ABCE91AD767030001EE7F /* eBaySearchTests.m */ = {isa = PBXFileReference; lastKnownFileType = sourcecode.c.objc; path = eBaySearchTests.m; sourceTree = "<group>"; };
/* End PBXFileReference section */

/* Begin PBXFrameworksBuildPhase section */
		1B9ABCC71AD767030001EE7F /* Frameworks */ = {
			isa = PBXFrameworksBuildPhase;
			buildActionMask = 2147483647;
			files = (
				1B4616BF1AD8ED02009157EC /* FBSDKLoginKit.framework in Frameworks */,
				1B4616BE1AD8ED02009157EC /* FBSDKCoreKit.framework in Frameworks */,
				1B4616C01AD8ED02009157EC /* FBSDKShareKit.framework in Frameworks */,
			);
			runOnlyForDeploymentPostprocessing = 0;
		};
		1B9ABCE01AD767030001EE7F /* Frameworks */ = {
			isa = PBXFrameworksBuildPhase;
			buildActionMask = 2147483647;
			files = (
			);
			runOnlyForDeploymentPostprocessing = 0;
		};
/* End PBXFrameworksBuildPhase section */

/* Begin PBXGroup section */
		1B9ABCC11AD767030001EE7F = {
			isa = PBXGroup;
			children = (
				1B9ABCCC1AD767030001EE7F /* eBaySearch */,
				1B9ABCE61AD767030001EE7F /* eBaySearchTests */,
				1B9ABCCB1AD767030001EE7F /* Products */,
				1B4616BB1AD8ED02009157EC /* FBSDKCoreKit.framework */,
				1B4616BC1AD8ED02009157EC /* FBSDKLoginKit.framework */,
				1B4616BD1AD8ED02009157EC /* FBSDKShareKit.framework */,
			);
			sourceTree = "<group>";
		};
		1B9ABCCB1AD767030001EE7F /* Products */ = {
			isa = PBXGroup;
			children = (
				1B9ABCCA1AD767030001EE7F /* eBaySearch.app */,
				1B9ABCE31AD767030001EE7F /* eBaySearchTests.xctest */,
			);
			name = Products;
			sourceTree = "<group>";
		};
		1B9ABCCC1AD767030001EE7F /* eBaySearch */ = {
			isa = PBXGroup;
			children = (
				1B9ABCD11AD767030001EE7F /* AppDelegate.h */,
				1B9ABCD21AD767030001EE7F /* AppDelegate.m */,
				1B9ABCD41AD767030001EE7F /* ViewController.h */,
				1B9ABCD51AD767030001EE7F /* ViewController.m */,
				1B84A5D81AD79B8200847DC8 /* ResultTableController.h */,
				1B84A5D91AD79B8200847DC8 /* ResultTableController.m */,
				1B4616A71AD8543A009157EC /* DetailViewController.h */,
				1B4616A81AD8543A009157EC /* DetailViewController.m */,
				1B9ABCD71AD767030001EE7F /* Main.storyboard */,
				1B4616AA1AD87E56009157EC /* itemTopRated.jpg */,
				1B4616B11AD8C466009157EC /* yes.png */,
				1B4616B21AD8C466009157EC /* no.png */,
				1B9ABCDA1AD767030001EE7F /* Images.xcassets */,
				1B9ABCCD1AD767030001EE7F /* Supporting Files */,
			);
			path = eBaySearch;
			sourceTree = "<group>";
		};
		1B9ABCCD1AD767030001EE7F /* Supporting Files */ = {
			isa = PBXGroup;
			children = (
				1B9ABCCE1AD767030001EE7F /* Info.plist */,
				1B9ABCCF1AD767030001EE7F /* main.m */,
			);
			name = "Supporting Files";
			sourceTree = "<group>";
		};
		1B9ABCE61AD767030001EE7F /* eBaySearchTests */ = {
			isa = PBXGroup;
			children = (
				1B9ABCE91AD767030001EE7F /* eBaySearchTests.m */,
				1B9ABCE71AD767030001EE7F /* Supporting Files */,
			);
			path = eBaySearchTests;
			sourceTree = "<group>";
		};
		1B9ABCE71AD767030001EE7F /* Supporting Files */ = {
			isa = PBXGroup;
			children = (
				1B9ABCE81AD767030001EE7F /* Info.plist */,
			);
			name = "Supporting Files";
			sourceTree = "<group>";
		};
/* End PBXGroup section */

/* Begin PBXNativeTarget section */
		1B9ABCC91AD767030001EE7F /* eBaySearch */ = {
			isa = PBXNativeTarget;
			buildConfigurationList = 1B9ABCED1AD767030001EE7F /* Build configuration list for PBXNativeTarget "eBaySearch" */;
			buildPhases = (
				1B9ABCC61AD767030001EE7F /* Sources */,
				1B9ABCC71AD767030001EE7F /* Frameworks */,
				1B9ABCC81AD767030001EE7F /* Resources */,
			);
			buildRules = (
			);
			dependencies = (
			);
			name = eBaySearch;
			productName = eBaySearch;
			productReference = 1B9ABCCA1AD767030001EE7F /* eBaySearch.app */;
			productType = "com.apple.product-type.application";
		};
		1B9ABCE21AD767030001EE7F /* eBaySearchTests */ = {
			isa = PBXNativeTarget;
			buildConfigurationList = 1B9ABCF01AD767030001EE7F /* Build configuration list for PBXNativeTarget "eBaySearchTests" */;
			buildPhases = (
				1B9ABCDF1AD767030001EE7F /* Sources */,
				1B9ABCE01AD767030001EE7F /* Frameworks */,
				1B9ABCE11AD767030001EE7F /* Resources */,
			);
			buildRules = (
			);
			dependencies = (
				1B9ABCE51AD767030001EE7F /* PBXTargetDependency */,
			);
			name = eBaySearchTests;
			productName = eBaySearchTests;
			productReference = 1B9ABCE31AD767030001EE7F /* eBaySearchTests.xctest */;
			productType = "com.apple.product-type.bundle.unit-test";
		};
/* End PBXNativeTarget section */

/* Begin PBXProject section */
		1B9ABCC21AD767030001EE7F /* Project object */ = {
			isa = PBXProject;
			attributes = {
				LastUpgradeCheck = 0620;
				ORGANIZATIONNAME = "Zheng Li";
				TargetAttributes = {
					1B9ABCC91AD767030001EE7F = {
						CreatedOnToolsVersion = 6.2;
						DevelopmentTeam = KS9FZQ3KTT;
					};
					1B9ABCE21AD767030001EE7F = {
						CreatedOnToolsVersion = 6.2;
						TestTargetID = 1B9ABCC91AD767030001EE7F;
					};
				};
			};
			buildConfigurationList = 1B9ABCC51AD767030001EE7F /* Build configuration list for PBXProject "eBaySearch" */;
			compatibilityVersion = "Xcode 3.2";
			developmentRegion = English;
			hasScannedForEncodings = 0;
			knownRegions = (
				en,
				Base,
			);
			mainGroup = 1B9ABCC11AD767030001EE7F;
			productRefGroup = 1B9ABCCB1AD767030001EE7F /* Products */;
			projectDirPath = "";
			projectRoot = "";
			targets = (
				1B9ABCC91AD767030001EE7F /* eBaySearch */,
				1B9ABCE21AD767030001EE7F /* eBaySearchTests */,
			);
		};
/* End PBXProject section */

/* Begin PBXResourcesBuildPhase section */
		1B9ABCC81AD767030001EE7F /* Resources */ = {
			isa = PBXResourcesBuildPhase;
			buildActionMask = 2147483647;
			files = (
				1B9ABCD91AD767030001EE7F /* Main.storyboard in Resources */,
				1B4616B41AD8C466009157EC /* no.png in Resources */,
				1B4616AB1AD87E56009157EC /* itemTopRated.jpg in Resources */,
				1B4616B31AD8C466009157EC /* yes.png in Resources */,
				1B9ABCDB1AD767030001EE7F /* Images.xcassets in Resources */,
			);
			runOnlyForDeploymentPostprocessing = 0;
		};
		1B9ABCE11AD767030001EE7F /* Resources */ = {
			isa = PBXResourcesBuildPhase;
			buildActionMask = 2147483647;
			files = (
			);
			runOnlyForDeploymentPostprocessing = 0;
		};
/* End PBXResourcesBuildPhase section */

/* Begin PBXSourcesBuildPhase section */
		1B9ABCC61AD767030001EE7F /* Sources */ = {
			isa = PBXSourcesBuildPhase;
			buildActionMask = 2147483647;
			files = (
				1B4616A91AD8543A009157EC /* DetailViewController.m in Sources */,
				1B9ABCD61AD767030001EE7F /* ViewController.m in Sources */,
				1B84A5DA1AD79B8200847DC8 /* ResultTableController.m in Sources */,
				1B9ABCD31AD767030001EE7F /* AppDelegate.m in Sources */,
				1B9ABCD01AD767030001EE7F /* main.m in Sources */,
			);
			runOnlyForDeploymentPostprocessing = 0;
		};
		1B9ABCDF1AD767030001EE7F /* Sources */ = {
			isa = PBXSourcesBuildPhase;
			buildActionMask = 2147483647;
			files = (
				1B9ABCEA1AD767030001EE7F /* eBaySearchTests.m in Sources */,
			);
			runOnlyForDeploymentPostprocessing = 0;
		};
/* End PBXSourcesBuildPhase section */

/* Begin PBXTargetDependency section */
		1B9ABCE51AD767030001EE7F /* PBXTargetDependency */ = {
			isa = PBXTargetDependency;
			target = 1B9ABCC91AD767030001EE7F /* eBaySearch */;
			targetProxy = 1B9ABCE41AD767030001EE7F /* PBXContainerItemProxy */;
		};
/* End PBXTargetDependency section */

/* Begin PBXVariantGroup section */
		1B9ABCD71AD767030001EE7F /* Main.storyboard */ = {
			isa = PBXVariantGroup;
			children = (
				1B9ABCD81AD767030001EE7F /* Base */,
			);
			name = Main.storyboard;
			sourceTree = "<group>";
		};
/* End PBXVariantGroup section */

/* Begin XCBuildConfiguration section */
		1B9ABCEB1AD767030001EE7F /* Debug */ = {
			isa = XCBuildConfiguration;
			buildSettings = {
				ALWAYS_SEARCH_USER_PATHS = NO;
				CLANG_CXX_LANGUAGE_STANDARD = "gnu++0x";
				CLANG_CXX_LIBRARY = "libc++";
				CLANG_ENABLE_MODULES = YES;
				CLANG_ENABLE_OBJC_ARC = YES;
				CLANG_WARN_BOOL_CONVERSION = YES;
				CLANG_WARN_CONSTANT_CONVERSION = YES;
				CLANG_WARN_DIRECT_OBJC_ISA_USAGE = YES_ERROR;
				CLANG_WARN_EMPTY_BODY = YES;
				CLANG_WARN_ENUM_CONVERSION = YES;
				CLANG_WARN_INT_CONVERSION = YES;
				CLANG_WARN_OBJC_ROOT_CLASS = YES_ERROR;
				CLANG_WARN_UNREACHABLE_CODE = YES;
				CLANG_WARN__DUPLICATE_METHOD_MATCH = YES;
				"CODE_SIGN_IDENTITY[sdk=iphoneos*]" = "iPhone Developer";
				COPY_PHASE_STRIP = NO;
				ENABLE_STRICT_OBJC_MSGSEND = YES;
				GCC_C_LANGUAGE_STANDARD = gnu99;
				GCC_DYNAMIC_NO_PIC = NO;
				GCC_OPTIMIZATION_LEVEL = 0;
				GCC_PREPROCESSOR_DEFINITIONS = (
					"DEBUG=1",
					"$(inherited)",
				);
				GCC_SYMBOLS_PRIVATE_EXTERN = NO;
				GCC_WARN_64_TO_32_BIT_CONVERSION = YES;
				GCC_WARN_ABOUT_RETURN_TYPE = YES_ERROR;
				GCC_WARN_UNDECLARED_SELECTOR = YES;
				GCC_WARN_UNINITIALIZED_AUTOS = YES_AGGRESSIVE;
				GCC_WARN_UNUSED_FUNCTION = YES;
				GCC_WARN_UNUSED_VARIABLE = YES;
				IPHONEOS_DEPLOYMENT_TARGET = 8.2;
				MTL_ENABLE_DEBUG_INFO = YES;
				ONLY_ACTIVE_ARCH = YES;
				SDKROOT = iphoneos;
				TARGETED_DEVICE_FAMILY = "1,2";
			};
			name = Debug;
		};
		1B9ABCEC1AD767030001EE7F /* Release */ = {
			isa = XCBuildConfiguration;
			buildSettings = {
				ALWAYS_SEARCH_USER_PATHS = NO;
				CLANG_CXX_LANGUAGE_STANDARD = "gnu++0x";
				CLANG_CXX_LIBRARY = "libc++";
				CLANG_ENABLE_MODULES = YES;
				CLANG_ENABLE_OBJC_ARC = YES;
				CLANG_WARN_BOOL_CONVERSION = YES;
				CLANG_WARN_CONSTANT_CONVERSION = YES;
				CLANG_WARN_DIRECT_OBJC_ISA_USAGE = YES_ERROR;
				CLANG_WARN_EMPTY_BODY = YES;
				CLANG_WARN_ENUM_CONVERSION = YES;
				CLANG_WARN_INT_CONVERSION = YES;
				CLANG_WARN_OBJC_ROOT_CLASS = YES_ERROR;
				CLANG_WARN_UNREACHABLE_CODE = YES;
				CLANG_WARN__DUPLICATE_METHOD_MATCH = YES;
				"CODE_SIGN_IDENTITY[sdk=iphoneos*]" = "iPhone Developer";
				COPY_PHASE_STRIP = NO;
				ENABLE_NS_ASSERTIONS = NO;
				ENABLE_STRICT_OBJC_MSGSEND = YES;
				GCC_C_LANGUAGE_STANDARD = gnu99;
				GCC_WARN_64_TO_32_BIT_CONVERSION = YES;
				GCC_WARN_ABOUT_RETURN_TYPE = YES_ERROR;
				GCC_WARN_UNDECLARED_SELECTOR = YES;
				GCC_WARN_UNINITIALIZED_AUTOS = YES_AGGRESSIVE;
				GCC_WARN_UNUSED_FUNCTION = YES;
				GCC_WARN_UNUSED_VARIABLE = YES;
				IPHONEOS_DEPLOYMENT_TARGET = 8.2;
				MTL_ENABLE_DEBUG_INFO = NO;
				SDKROOT = iphoneos;
				TARGETED_DEVICE_FAMILY = "1,2";
				VALIDATE_PRODUCT = YES;
			};
			name = Release;
		};
		1B9ABCEE1AD767030001EE7F /* Debug */ = {
			isa = XCBuildConfiguration;
			buildSettings = {
				ASSETCATALOG_COMPILER_APPICON_NAME = AppIcon;
				CODE_SIGN_IDENTITY = "iPhone Developer";
				"CODE_SIGN_IDENTITY[sdk=iphoneos*]" = "iPhone Developer";
				FRAMEWORK_SEARCH_PATHS = (
					"$(inherited)",
					/Users/zhengli/Documents/FacebookSDK,
				);
				INFOPLIST_FILE = eBaySearch/Info.plist;
				LD_RUNPATH_SEARCH_PATHS = "$(inherited) @executable_path/Frameworks";
				PRODUCT_NAME = "$(TARGET_NAME)";
				PROVISIONING_PROFILE = "";
			};
			name = Debug;
		};
		1B9ABCEF1AD767030001EE7F /* Release */ = {
			isa = XCBuildConfiguration;
			buildSettings = {
				ASSETCATALOG_COMPILER_APPICON_NAME = AppIcon;
				CODE_SIGN_IDENTITY = "iPhone Developer";
				"CODE_SIGN_IDENTITY[sdk=iphoneos*]" = "iPhone Developer";
				FRAMEWORK_SEARCH_PATHS = (
					"$(inherited)",
					/Users/zhengli/Documents/FacebookSDK,
				);
				INFOPLIST_FILE = eBaySearch/Info.plist;
				LD_RUNPATH_SEARCH_PATHS = "$(inherited) @executable_path/Frameworks";
				PRODUCT_NAME = "$(TARGET_NAME)";
				PROVISIONING_PROFILE = "";
			};
			name = Release;
		};
		1B9ABCF11AD767030001EE7F /* Debug */ = {
			isa = XCBuildConfiguration;
			buildSettings = {
				BUNDLE_LOADER = "$(TEST_HOST)";
				FRAMEWORK_SEARCH_PATHS = (
					"$(SDKROOT)/Developer/Library/Frameworks",
					"$(inherited)",
				);
				GCC_PREPROCESSOR_DEFINITIONS = (
					"DEBUG=1",
					"$(inherited)",
				);
				INFOPLIST_FILE = eBaySearchTests/Info.plist;
				LD_RUNPATH_SEARCH_PATHS = "$(inherited) @executable_path/Frameworks @loader_path/Frameworks";
				PRODUCT_NAME = "$(TARGET_NAME)";
				TEST_HOST = "$(BUILT_PRODUCTS_DIR)/eBaySearch.app/eBaySearch";
			};
			name = Debug;
		};
		1B9ABCF21AD767030001EE7F /* Release */ = {
			isa = XCBuildConfiguration;
			buildSettings = {
				BUNDLE_LOADER = "$(TEST_HOST)";
				FRAMEWORK_SEARCH_PATHS = (
					"$(SDKROOT)/Developer/Library/Frameworks",
					"$(inherited)",
				);
				INFOPLIST_FILE = eBaySearchTests/Info.plist;
				LD_RUNPATH_SEARCH_PATHS = "$(inherited) @executable_path/Frameworks @loader_path/Frameworks";
				PRODUCT_NAME = "$(TARGET_NAME)";
				TEST_HOST = "$(BUILT_PRODUCTS_DIR)/eBaySearch.app/eBaySearch";
			};
			name = Release;
		};
/* End XCBuildConfiguration section */

/* Begin XCConfigurationList section */
		1B9ABCC51AD767030001EE7F /* Build configuration list for PBXProject "eBaySearch" */ = {
			isa = XCConfigurationList;
			buildConfigurations = (
				1B9ABCEB1AD767030001EE7F /* Debug */,
				1B9ABCEC1AD767030001EE7F /* Release */,
			);
			defaultConfigurationIsVisible = 0;
			defaultConfigurationName = Release;
		};
		1B9ABCED1AD767030001EE7F /* Build configuration list for PBXNativeTarget "eBaySearch" */ = {
			isa = XCConfigurationList;
			buildConfigurations = (
				1B9ABCEE1AD767030001EE7F /* Debug */,
				1B9ABCEF1AD767030001EE7F /* Release */,
			);
			defaultConfigurationIsVisible = 0;
			defaultConfigurationName = Release;
		};
		1B9ABCF01AD767030001EE7F /* Build configuration list for PBXNativeTarget "eBaySearchTests" */ = {
			isa = XCConfigurationList;
			buildConfigurations = (
				1B9ABCF11AD767030001EE7F /* Debug */,
				1B9ABCF21AD767030001EE7F /* Release */,
			);
			defaultConfigurationIsVisible = 0;
			defaultConfigurationName = Release;
		};
/* End XCConfigurationList section */
	};
	rootObject = 1B9ABCC21AD767030001EE7F /* Project object */;
}
